
Microsoft Visual Studio Solution File, Format Version 12.00
# Visual Studio Version 17
VisualStudioVersion = 17.13.35825.156
MinimumVisualStudioVersion = 10.0.40219.1
Project("{FAE04EC0-301F-11D3-BF4B-00C04F79EFBC}") = "Library Management System.Domain", "Library Management System.Domain\Library Management System.Domain.csproj", "{B4454DAC-9CBA-43CE-AA7B-239CA5B8B740}"
EndProject
Project("{FAE04EC0-301F-11D3-BF4B-00C04F79EFBC}") = "Library Management System.Application", "Library Management System.Application\Library Management System.Application.csproj", "{2FA0CB8B-F487-454B-B3B0-7A9A3CACD986}"
EndProject
Project("{FAE04EC0-301F-11D3-BF4B-00C04F79EFBC}") = "Library Management System.Infrastructure", "Library Management System.Infrastructure\Library Management System.Infrastructure.csproj", "{8F74EE3B-8F1C-423A-8C96-5F8A35D1EEE2}"
EndProject
Project("{FAE04EC0-301F-11D3-BF4B-00C04F79EFBC}") = "Library Management System.API", "Library Management System.API\Library Management System.API.csproj", "{CE20F960-D6CA-46E7-964D-5B21A3E04684}"
EndProject
Global
	GlobalSection(SolutionConfigurationPlatforms) = preSolution
		Debug|Any CPU = Debug|Any CPU
		Release|Any CPU = Release|Any CPU
	EndGlobalSection
	GlobalSection(ProjectConfigurationPlatforms) = postSolution
		{B4454DAC-9CBA-43CE-AA7B-239CA5B8B740}.Debug|Any CPU.ActiveCfg = Debug|Any CPU
		{B4454DAC-9CBA-43CE-AA7B-239CA5B8B740}.Debug|Any CPU.Build.0 = Debug|Any CPU
		{B4454DAC-9CBA-43CE-AA7B-239CA5B8B740}.Release|Any CPU.ActiveCfg = Release|Any CPU
		{B4454DAC-9CBA-43CE-AA7B-239CA5B8B740}.Release|Any CPU.Build.0 = Release|Any CPU
		{2FA0CB8B-F487-454B-B3B0-7A9A3CACD986}.Debug|Any CPU.ActiveCfg = Debug|Any CPU
		{2FA0CB8B-F487-454B-B3B0-7A9A3CACD986}.Debug|Any CPU.Build.0 = Debug|Any CPU
		{2FA0CB8B-F487-454B-B3B0-7A9A3CACD986}.Release|Any CPU.ActiveCfg = Release|Any CPU
		{2FA0CB8B-F487-454B-B3B0-7A9A3CACD986}.Release|Any CPU.Build.0 = Release|Any CPU
		{8F74EE3B-8F1C-423A-8C96-5F8A35D1EEE2}.Debug|Any CPU.ActiveCfg = Debug|Any CPU
		{8F74EE3B-8F1C-423A-8C96-5F8A35D1EEE2}.Debug|Any CPU.Build.0 = Debug|Any CPU
		{8F74EE3B-8F1C-423A-8C96-5F8A35D1EEE2}.Release|Any CPU.ActiveCfg = Release|Any CPU
		{8F74EE3B-8F1C-423A-8C96-5F8A35D1EEE2}.Release|Any CPU.Build.0 = Release|Any CPU
		{CE20F960-D6CA-46E7-964D-5B21A3E04684}.Debug|Any CPU.ActiveCfg = Debug|Any CPU
		{CE20F960-D6CA-46E7-964D-5B21A3E04684}.Debug|Any CPU.Build.0 = Debug|Any CPU
		{CE20F960-D6CA-46E7-964D-5B21A3E04684}.Release|Any CPU.ActiveCfg = Release|Any CPU
		{CE20F960-D6CA-46E7-964D-5B21A3E04684}.Release|Any CPU.Build.0 = Release|Any CPU
	EndGlobalSection
	GlobalSection(SolutionProperties) = preSolution
		HideSolutionNode = FALSE
	EndGlobalSection
	GlobalSection(ExtensibilityGlobals) = postSolution
		SolutionGuid = {51956E03-1135-4B63-9D5A-1B8B9167FCF6}
	EndGlobalSection
EndGlobal
